{
  "name": "server",
  "version": "1.0.0",
  "lockfileVersion": 2,
  "requires": true,
  "packages": {
    "": {
      "version": "1.0.0",
      "license": "ISC",
      "devDependencies": {
        "@memories/types": "file:../types"
      }
    },
    "../types": {
      "dev": true
    },
    "node_modules/@memories/types": {
      "resolved": "../types",
      "link": true
    }
  },
  "dependencies": {
    "@memories/types": {
      "version": "file:../types"
    }
  }
}
